// !$*UTF8*$!
{
	archiveVersion = 1;
	classes = {
	};
	objectVersion = 55;
	objects = {

/* Begin PBXBuildFile section */
		6761A50528AFE6CF00135C81 /* AppDelegate.swift in Sources */ = {isa = PBXBuildFile; fileRef = 6761A50428AFE6CF00135C81 /* AppDelegate.swift */; };
		6761A50928AFE6CF00135C81 /* CityEventsViewController.swift in Sources */ = {isa = PBXBuildFile; fileRef = 6761A50828AFE6CF00135C81 /* CityEventsViewController.swift */; };
		6761A50E28AFE6D000135C81 /* Assets.xcassets in Resources */ = {isa = PBXBuildFile; fileRef = 6761A50D28AFE6D000135C81 /* Assets.xcassets */; };
		6761A51128AFE6D000135C81 /* LaunchScreen.storyboard in Resources */ = {isa = PBXBuildFile; fileRef = 6761A50F28AFE6D000135C81 /* LaunchScreen.storyboard */; };
		6761A51A28AFF61500135C81 /* ModuleBuilder.swift in Sources */ = {isa = PBXBuildFile; fileRef = 6761A51928AFF61500135C81 /* ModuleBuilder.swift */; };
		6761A51C28AFF63500135C81 /* MainRouter.swift in Sources */ = {isa = PBXBuildFile; fileRef = 6761A51B28AFF63500135C81 /* MainRouter.swift */; };
		6761A52528AFF78D00135C81 /* CityEventsPresenter.swift in Sources */ = {isa = PBXBuildFile; fileRef = 6761A52428AFF78D00135C81 /* CityEventsPresenter.swift */; };
		6761A52728AFF7E000135C81 /* CityEventsInteractor.swift in Sources */ = {isa = PBXBuildFile; fileRef = 6761A52628AFF7E000135C81 /* CityEventsInteractor.swift */; };
		6761A52B28B0026B00135C81 /* EventCell.swift in Sources */ = {isa = PBXBuildFile; fileRef = 6761A52A28B0026B00135C81 /* EventCell.swift */; };
		6761A52E28B0062300135C81 /* UIImageView+extension.swift in Sources */ = {isa = PBXBuildFile; fileRef = 6761A52D28B0062300135C81 /* UIImageView+extension.swift */; };
		6761A53328B00A1A00135C81 /* EventModel.swift in Sources */ = {isa = PBXBuildFile; fileRef = 6761A53228B00A1A00135C81 /* EventModel.swift */; };
		6761A53A28B00E1900135C81 /* EventNetworkModel.swift in Sources */ = {isa = PBXBuildFile; fileRef = 6761A53928B00E1900135C81 /* EventNetworkModel.swift */; };
		6761A53C28B00E2600135C81 /* ApiManager.swift in Sources */ = {isa = PBXBuildFile; fileRef = 6761A53B28B00E2600135C81 /* ApiManager.swift */; };
		6761A53E28B00E3600135C81 /* DataProvider.swift in Sources */ = {isa = PBXBuildFile; fileRef = 6761A53D28B00E3600135C81 /* DataProvider.swift */; };
		6761A54328B014C500135C81 /* ApiResponseModel.swift in Sources */ = {isa = PBXBuildFile; fileRef = 6761A54228B014C500135C81 /* ApiResponseModel.swift */; };
		6761A54628B02A0900135C81 /* EventView.swift in Sources */ = {isa = PBXBuildFile; fileRef = 6761A54528B02A0900135C81 /* EventView.swift */; };
		6761A54A28B02A8D00135C81 /* EventPresenter.swift in Sources */ = {isa = PBXBuildFile; fileRef = 6761A54928B02A8D00135C81 /* EventPresenter.swift */; };
		6761A54D28B02E7700135C81 /* MainPictureCell.swift in Sources */ = {isa = PBXBuildFile; fileRef = 6761A54C28B02E7700135C81 /* MainPictureCell.swift */; };
		6761A54F28B02E8000135C81 /* EventOverviewCell.swift in Sources */ = {isa = PBXBuildFile; fileRef = 6761A54E28B02E8000135C81 /* EventOverviewCell.swift */; };
		6761A55528B02EBA00135C81 /* PicturesCell.swift in Sources */ = {isa = PBXBuildFile; fileRef = 6761A55428B02EBA00135C81 /* PicturesCell.swift */; };
		6761A55828B02F6B00135C81 /* PictureCollectionCell.swift in Sources */ = {isa = PBXBuildFile; fileRef = 6761A55728B02F6B00135C81 /* PictureCollectionCell.swift */; };
		6761A55A28B0E3CB00135C81 /* UILabel+extension.swift in Sources */ = {isa = PBXBuildFile; fileRef = 6761A55928B0E3CB00135C81 /* UILabel+extension.swift */; };
/* End PBXBuildFile section */

/* Begin PBXFileReference section */
		6761A50128AFE6CF00135C81 /* CityEvents.app */ = {isa = PBXFileReference; explicitFileType = wrapper.application; includeInIndex = 0; path = CityEvents.app; sourceTree = BUILT_PRODUCTS_DIR; };
		6761A50428AFE6CF00135C81 /* AppDelegate.swift */ = {isa = PBXFileReference; lastKnownFileType = sourcecode.swift; path = AppDelegate.swift; sourceTree = "<group>"; };
		6761A50828AFE6CF00135C81 /* CityEventsViewController.swift */ = {isa = PBXFileReference; lastKnownFileType = sourcecode.swift; path = CityEventsViewController.swift; sourceTree = "<group>"; };
		6761A50D28AFE6D000135C81 /* Assets.xcassets */ = {isa = PBXFileReference; lastKnownFileType = folder.assetcatalog; path = Assets.xcassets; sourceTree = "<group>"; };
		6761A51028AFE6D000135C81 /* Base */ = {isa = PBXFileReference; lastKnownFileType = file.storyboard; name = Base; path = Base.lproj/LaunchScreen.storyboard; sourceTree = "<group>"; };
		6761A51228AFE6D000135C81 /* Info.plist */ = {isa = PBXFileReference; lastKnownFileType = text.plist.xml; path = Info.plist; sourceTree = "<group>"; };
		6761A51928AFF61500135C81 /* ModuleBuilder.swift */ = {isa = PBXFileReference; lastKnownFileType = sourcecode.swift; path = ModuleBuilder.swift; sourceTree = "<group>"; };
		6761A51B28AFF63500135C81 /* MainRouter.swift */ = {isa = PBXFileReference; lastKnownFileType = sourcecode.swift; path = MainRouter.swift; sourceTree = "<group>"; };
		6761A52428AFF78D00135C81 /* CityEventsPresenter.swift */ = {isa = PBXFileReference; lastKnownFileType = sourcecode.swift; path = CityEventsPresenter.swift; sourceTree = "<group>"; };
		6761A52628AFF7E000135C81 /* CityEventsInteractor.swift */ = {isa = PBXFileReference; lastKnownFileType = sourcecode.swift; path = CityEventsInteractor.swift; sourceTree = "<group>"; };
		6761A52A28B0026B00135C81 /* EventCell.swift */ = {isa = PBXFileReference; lastKnownFileType = sourcecode.swift; path = EventCell.swift; sourceTree = "<group>"; };
		6761A52D28B0062300135C81 /* UIImageView+extension.swift */ = {isa = PBXFileReference; lastKnownFileType = sourcecode.swift; path = "UIImageView+extension.swift"; sourceTree = "<group>"; };
		6761A53228B00A1A00135C81 /* EventModel.swift */ = {isa = PBXFileReference; lastKnownFileType = sourcecode.swift; path = EventModel.swift; sourceTree = "<group>"; };
		6761A53928B00E1900135C81 /* EventNetworkModel.swift */ = {isa = PBXFileReference; lastKnownFileType = sourcecode.swift; path = EventNetworkModel.swift; sourceTree = "<group>"; };
		6761A53B28B00E2600135C81 /* ApiManager.swift */ = {isa = PBXFileReference; lastKnownFileType = sourcecode.swift; path = ApiManager.swift; sourceTree = "<group>"; };
		6761A53D28B00E3600135C81 /* DataProvider.swift */ = {isa = PBXFileReference; lastKnownFileType = sourcecode.swift; path = DataProvider.swift; sourceTree = "<group>"; };
		6761A54228B014C500135C81 /* ApiResponseModel.swift */ = {isa = PBXFileReference; lastKnownFileType = sourcecode.swift; path = ApiResponseModel.swift; sourceTree = "<group>"; };
		6761A54528B02A0900135C81 /* EventView.swift */ = {isa = PBXFileReference; lastKnownFileType = sourcecode.swift; path = EventView.swift; sourceTree = "<group>"; };
		6761A54928B02A8D00135C81 /* EventPresenter.swift */ = {isa = PBXFileReference; lastKnownFileType = sourcecode.swift; path = EventPresenter.swift; sourceTree = "<group>"; };
		6761A54C28B02E7700135C81 /* MainPictureCell.swift */ = {isa = PBXFileReference; lastKnownFileType = sourcecode.swift; path = MainPictureCell.swift; sourceTree = "<group>"; };
		6761A54E28B02E8000135C81 /* EventOverviewCell.swift */ = {isa = PBXFileReference; lastKnownFileType = sourcecode.swift; path = EventOverviewCell.swift; sourceTree = "<group>"; };
		6761A55428B02EBA00135C81 /* PicturesCell.swift */ = {isa = PBXFileReference; lastKnownFileType = sourcecode.swift; path = PicturesCell.swift; sourceTree = "<group>"; };
		6761A55728B02F6B00135C81 /* PictureCollectionCell.swift */ = {isa = PBXFileReference; lastKnownFileType = sourcecode.swift; path = PictureCollectionCell.swift; sourceTree = "<group>"; };
		6761A55928B0E3CB00135C81 /* UILabel+extension.swift */ = {isa = PBXFileReference; lastKnownFileType = sourcecode.swift; path = "UILabel+extension.swift"; sourceTree = "<group>"; };
/* End PBXFileReference section */

/* Begin PBXFrameworksBuildPhase section */
		6761A4FE28AFE6CF00135C81 /* Frameworks */ = {
			isa = PBXFrameworksBuildPhase;
			buildActionMask = 2147483647;
			files = (
			);
			runOnlyForDeploymentPostprocessing = 0;
		};
/* End PBXFrameworksBuildPhase section */

/* Begin PBXGroup section */
		6761A4F828AFE6CF00135C81 = {
			isa = PBXGroup;
			children = (
				6761A50328AFE6CF00135C81 /* CityEvents */,
				6761A50228AFE6CF00135C81 /* Products */,
			);
			sourceTree = "<group>";
		};
		6761A50228AFE6CF00135C81 /* Products */ = {
			isa = PBXGroup;
			children = (
				6761A50128AFE6CF00135C81 /* CityEvents.app */,
			);
			name = Products;
			sourceTree = "<group>";
		};
		6761A50328AFE6CF00135C81 /* CityEvents */ = {
			isa = PBXGroup;
			children = (
				6761A53428B00D0500135C81 /* DataManager */,
				6761A52328AFF71B00135C81 /* AppSettings */,
				6761A51D28AFF6A900135C81 /* Modules */,
				6761A52C28B0061000135C81 /* Extensions */,
				6761A50D28AFE6D000135C81 /* Assets.xcassets */,
				6761A50F28AFE6D000135C81 /* LaunchScreen.storyboard */,
				6761A51228AFE6D000135C81 /* Info.plist */,
			);
			path = CityEvents;
			sourceTree = "<group>";
		};
		6761A51D28AFF6A900135C81 /* Modules */ = {
			isa = PBXGroup;
			children = (
				6761A52828AFFA3400135C81 /* Model */,
				6761A51928AFF61500135C81 /* ModuleBuilder.swift */,
				6761A51B28AFF63500135C81 /* MainRouter.swift */,
				6761A51E28AFF6BB00135C81 /* CityEventsModule */,
				6761A54428B029E200135C81 /* EventModule */,
			);
			path = Modules;
			sourceTree = "<group>";
		};
		6761A51E28AFF6BB00135C81 /* CityEventsModule */ = {
			isa = PBXGroup;
			children = (
				6761A51F28AFF6E600135C81 /* View */,
				6761A52128AFF6F400135C81 /* Presenter */,
				6761A52228AFF6FA00135C81 /* Interactor */,
			);
			path = CityEventsModule;
			sourceTree = "<group>";
		};
		6761A51F28AFF6E600135C81 /* View */ = {
			isa = PBXGroup;
			children = (
				6761A52928B0012900135C81 /* CollectionCell */,
				6761A50828AFE6CF00135C81 /* CityEventsViewController.swift */,
			);
			path = View;
			sourceTree = "<group>";
		};
		6761A52128AFF6F400135C81 /* Presenter */ = {
			isa = PBXGroup;
			children = (
				6761A52428AFF78D00135C81 /* CityEventsPresenter.swift */,
			);
			path = Presenter;
			sourceTree = "<group>";
		};
		6761A52228AFF6FA00135C81 /* Interactor */ = {
			isa = PBXGroup;
			children = (
				6761A52628AFF7E000135C81 /* CityEventsInteractor.swift */,
			);
			path = Interactor;
			sourceTree = "<group>";
		};
		6761A52328AFF71B00135C81 /* AppSettings */ = {
			isa = PBXGroup;
			children = (
				6761A50428AFE6CF00135C81 /* AppDelegate.swift */,
			);
			path = AppSettings;
			sourceTree = "<group>";
		};
		6761A52828AFFA3400135C81 /* Model */ = {
			isa = PBXGroup;
			children = (
				6761A53228B00A1A00135C81 /* EventModel.swift */,
			);
			path = Model;
			sourceTree = "<group>";
		};
		6761A52928B0012900135C81 /* CollectionCell */ = {
			isa = PBXGroup;
			children = (
				6761A52A28B0026B00135C81 /* EventCell.swift */,
			);
			path = CollectionCell;
			sourceTree = "<group>";
		};
		6761A52C28B0061000135C81 /* Extensions */ = {
			isa = PBXGroup;
			children = (
				6761A52D28B0062300135C81 /* UIImageView+extension.swift */,
				6761A55928B0E3CB00135C81 /* UILabel+extension.swift */,
			);
			path = Extensions;
			sourceTree = "<group>";
		};
		6761A53428B00D0500135C81 /* DataManager */ = {
			isa = PBXGroup;
			children = (
				6761A53828B00D2200135C81 /* DataProvider */,
				6761A53728B00D1B00135C81 /* Api */,
			);
			path = DataManager;
			sourceTree = "<group>";
		};
		6761A53728B00D1B00135C81 /* Api */ = {
			isa = PBXGroup;
			children = (
				6761A53F28B010EE00135C81 /* Model */,
				6761A53B28B00E2600135C81 /* ApiManager.swift */,
			);
			path = Api;
			sourceTree = "<group>";
		};
		6761A53828B00D2200135C81 /* DataProvider */ = {
			isa = PBXGroup;
			children = (
				6761A53D28B00E3600135C81 /* DataProvider.swift */,
			);
			path = DataProvider;
			sourceTree = "<group>";
		};
		6761A53F28B010EE00135C81 /* Model */ = {
			isa = PBXGroup;
			children = (
				6761A53928B00E1900135C81 /* EventNetworkModel.swift */,
				6761A54228B014C500135C81 /* ApiResponseModel.swift */,
			);
			path = Model;
			sourceTree = "<group>";
		};
		6761A54428B029E200135C81 /* EventModule */ = {
			isa = PBXGroup;
			children = (
				6761A54828B02A6900135C81 /* Presenter */,
				6761A54728B02A6200135C81 /* View */,
			);
			path = EventModule;
			sourceTree = "<group>";
		};
		6761A54728B02A6200135C81 /* View */ = {
			isa = PBXGroup;
			children = (
				6761A54528B02A0900135C81 /* EventView.swift */,
				6761A54B28B02E4D00135C81 /* Cells */,
			);
			path = View;
			sourceTree = "<group>";
		};
		6761A54828B02A6900135C81 /* Presenter */ = {
			isa = PBXGroup;
			children = (
				6761A54928B02A8D00135C81 /* EventPresenter.swift */,
			);
			path = Presenter;
			sourceTree = "<group>";
		};
		6761A54B28B02E4D00135C81 /* Cells */ = {
			isa = PBXGroup;
			children = (
				6761A54C28B02E7700135C81 /* MainPictureCell.swift */,
				6761A54E28B02E8000135C81 /* EventOverviewCell.swift */,
				6761A55628B02F5600135C81 /* PicturesCell */,
			);
			path = Cells;
			sourceTree = "<group>";
		};
		6761A55628B02F5600135C81 /* PicturesCell */ = {
			isa = PBXGroup;
			children = (
				6761A55428B02EBA00135C81 /* PicturesCell.swift */,
				6761A55728B02F6B00135C81 /* PictureCollectionCell.swift */,
			);
			path = PicturesCell;
			sourceTree = "<group>";
		};
/* End PBXGroup section */

/* Begin PBXNativeTarget section */
		6761A50028AFE6CF00135C81 /* CityEvents */ = {
			isa = PBXNativeTarget;
			buildConfigurationList = 6761A51528AFE6D000135C81 /* Build configuration list for PBXNativeTarget "CityEvents" */;
			buildPhases = (
				6761A4FD28AFE6CF00135C81 /* Sources */,
				6761A4FE28AFE6CF00135C81 /* Frameworks */,
				6761A4FF28AFE6CF00135C81 /* Resources */,
			);
			buildRules = (
			);
			dependencies = (
			);
			name = CityEvents;
			productName = CityEvents;
			productReference = 6761A50128AFE6CF00135C81 /* CityEvents.app */;
			productType = "com.apple.product-type.application";
		};
/* End PBXNativeTarget section */

/* Begin PBXProject section */
		6761A4F928AFE6CF00135C81 /* Project object */ = {
			isa = PBXProject;
			attributes = {
				BuildIndependentTargetsInParallel = 1;
				LastSwiftUpdateCheck = 1340;
				LastUpgradeCheck = 1340;
				TargetAttributes = {
					6761A50028AFE6CF00135C81 = {
						CreatedOnToolsVersion = 13.4.1;
					};
				};
			};
			buildConfigurationList = 6761A4FC28AFE6CF00135C81 /* Build configuration list for PBXProject "CityEvents" */;
			compatibilityVersion = "Xcode 13.0";
			developmentRegion = en;
			hasScannedForEncodings = 0;
			knownRegions = (
				en,
				Base,
			);
			mainGroup = 6761A4F828AFE6CF00135C81;
			productRefGroup = 6761A50228AFE6CF00135C81 /* Products */;
			projectDirPath = "";
			projectRoot = "";
			targets = (
				6761A50028AFE6CF00135C81 /* CityEvents */,
			);
		};
/* End PBXProject section */

/* Begin PBXResourcesBuildPhase section */
		6761A4FF28AFE6CF00135C81 /* Resources */ = {
			isa = PBXResourcesBuildPhase;
			buildActionMask = 2147483647;
			files = (
				6761A51128AFE6D000135C81 /* LaunchScreen.storyboard in Resources */,
				6761A50E28AFE6D000135C81 /* Assets.xcassets in Resources */,
			);
			runOnlyForDeploymentPostprocessing = 0;
		};
/* End PBXResourcesBuildPhase section */

/* Begin PBXSourcesBuildPhase section */
		6761A4FD28AFE6CF00135C81 /* Sources */ = {
			isa = PBXSourcesBuildPhase;
			buildActionMask = 2147483647;
			files = (
				6761A55A28B0E3CB00135C81 /* UILabel+extension.swift in Sources */,
				6761A50928AFE6CF00135C81 /* CityEventsViewController.swift in Sources */,
				6761A54628B02A0900135C81 /* EventView.swift in Sources */,
				6761A53328B00A1A00135C81 /* EventModel.swift in Sources */,
				6761A51C28AFF63500135C81 /* MainRouter.swift in Sources */,
				6761A53A28B00E1900135C81 /* EventNetworkModel.swift in Sources */,
				6761A50528AFE6CF00135C81 /* AppDelegate.swift in Sources */,
				6761A52E28B0062300135C81 /* UIImageView+extension.swift in Sources */,
				6761A54D28B02E7700135C81 /* MainPictureCell.swift in Sources */,
				6761A53E28B00E3600135C81 /* DataProvider.swift in Sources */,
				6761A53C28B00E2600135C81 /* ApiManager.swift in Sources */,
				6761A54328B014C500135C81 /* ApiResponseModel.swift in Sources */,
				6761A52528AFF78D00135C81 /* CityEventsPresenter.swift in Sources */,
				6761A55528B02EBA00135C81 /* PicturesCell.swift in Sources */,
				6761A55828B02F6B00135C81 /* PictureCollectionCell.swift in Sources */,
				6761A52728AFF7E000135C81 /* CityEventsInteractor.swift in Sources */,
				6761A51A28AFF61500135C81 /* ModuleBuilder.swift in Sources */,
				6761A54F28B02E8000135C81 /* EventOverviewCell.swift in Sources */,
				6761A52B28B0026B00135C81 /* EventCell.swift in Sources */,
				6761A54A28B02A8D00135C81 /* EventPresenter.swift in Sources */,
			);
			runOnlyForDeploymentPostprocessing = 0;
		};
/* End PBXSourcesBuildPhase section */

/* Begin PBXVariantGroup section */
		6761A50F28AFE6D000135C81 /* LaunchScreen.storyboard */ = {
			isa = PBXVariantGroup;
			children = (
				6761A51028AFE6D000135C81 /* Base */,
			);
			name = LaunchScreen.storyboard;
			sourceTree = "<group>";
		};
/* End PBXVariantGroup section */

/* Begin XCBuildConfiguration section */
		6761A51328AFE6D000135C81 /* Debug */ = {
			isa = XCBuildConfiguration;
			buildSettings = {
				ALWAYS_SEARCH_USER_PATHS = NO;
				CLANG_ANALYZER_NONNULL = YES;
				CLANG_ANALYZER_NUMBER_OBJECT_CONVERSION = YES_AGGRESSIVE;
				CLANG_CXX_LANGUAGE_STANDARD = "gnu++17";
				CLANG_ENABLE_MODULES = YES;
				CLANG_ENABLE_OBJC_ARC = YES;
				CLANG_ENABLE_OBJC_WEAK = YES;
				CLANG_WARN_BLOCK_CAPTURE_AUTORELEASING = YES;
				CLANG_WARN_BOOL_CONVERSION = YES;
				CLANG_WARN_COMMA = YES;
				CLANG_WARN_CONSTANT_CONVERSION = YES;
				CLANG_WARN_DEPRECATED_OBJC_IMPLEMENTATIONS = YES;
				CLANG_WARN_DIRECT_OBJC_ISA_USAGE = YES_ERROR;
				CLANG_WARN_DOCUMENTATION_COMMENTS = YES;
				CLANG_WARN_EMPTY_BODY = YES;
				CLANG_WARN_ENUM_CONVERSION = YES;
				CLANG_WARN_INFINITE_RECURSION = YES;
				CLANG_WARN_INT_CONVERSION = YES;
				CLANG_WARN_NON_LITERAL_NULL_CONVERSION = YES;
				CLANG_WARN_OBJC_IMPLICIT_RETAIN_SELF = YES;
				CLANG_WARN_OBJC_LITERAL_CONVERSION = YES;
				CLANG_WARN_OBJC_ROOT_CLASS = YES_ERROR;
				CLANG_WARN_QUOTED_INCLUDE_IN_FRAMEWORK_HEADER = YES;
				CLANG_WARN_RANGE_LOOP_ANALYSIS = YES;
				CLANG_WARN_STRICT_PROTOTYPES = YES;
				CLANG_WARN_SUSPICIOUS_MOVE = YES;
				CLANG_WARN_UNGUARDED_AVAILABILITY = YES_AGGRESSIVE;
				CLANG_WARN_UNREACHABLE_CODE = YES;
				CLANG_WARN__DUPLICATE_METHOD_MATCH = YES;
				COPY_PHASE_STRIP = NO;
				DEBUG_INFORMATION_FORMAT = dwarf;
				ENABLE_STRICT_OBJC_MSGSEND = YES;
				ENABLE_TESTABILITY = YES;
				GCC_C_LANGUAGE_STANDARD = gnu11;
				GCC_DYNAMIC_NO_PIC = NO;
				GCC_NO_COMMON_BLOCKS = YES;
				GCC_OPTIMIZATION_LEVEL = 0;
				GCC_PREPROCESSOR_DEFINITIONS = (
					"DEBUG=1",
					"$(inherited)",
				);
				GCC_WARN_64_TO_32_BIT_CONVERSION = YES;
				GCC_WARN_ABOUT_RETURN_TYPE = YES_ERROR;
				GCC_WARN_UNDECLARED_SELECTOR = YES;
				GCC_WARN_UNINITIALIZED_AUTOS = YES_AGGRESSIVE;
				GCC_WARN_UNUSED_FUNCTION = YES;
				GCC_WARN_UNUSED_VARIABLE = YES;
				IPHONEOS_DEPLOYMENT_TARGET = 15.5;
				MTL_ENABLE_DEBUG_INFO = INCLUDE_SOURCE;
				MTL_FAST_MATH = YES;
				ONLY_ACTIVE_ARCH = YES;
				SDKROOT = iphoneos;
				SWIFT_ACTIVE_COMPILATION_CONDITIONS = DEBUG;
				SWIFT_OPTIMIZATION_LEVEL = "-Onone";
			};
			name = Debug;
		};
		6761A51428AFE6D000135C81 /* Release */ = {
			isa = XCBuildConfiguration;
			buildSettings = {
				ALWAYS_SEARCH_USER_PATHS = NO;
				CLANG_ANALYZER_NONNULL = YES;
				CLANG_ANALYZER_NUMBER_OBJECT_CONVERSION = YES_AGGRESSIVE;
				CLANG_CXX_LANGUAGE_STANDARD = "gnu++17";
				CLANG_ENABLE_MODULES = YES;
				CLANG_ENABLE_OBJC_ARC = YES;
				CLANG_ENABLE_OBJC_WEAK = YES;
				CLANG_WARN_BLOCK_CAPTURE_AUTORELEASING = YES;
				CLANG_WARN_BOOL_CONVERSION = YES;
				CLANG_WARN_COMMA = YES;
				CLANG_WARN_CONSTANT_CONVERSION = YES;
				CLANG_WARN_DEPRECATED_OBJC_IMPLEMENTATIONS = YES;
				CLANG_WARN_DIRECT_OBJC_ISA_USAGE = YES_ERROR;
				CLANG_WARN_DOCUMENTATION_COMMENTS = YES;
				CLANG_WARN_EMPTY_BODY = YES;
				CLANG_WARN_ENUM_CONVERSION = YES;
				CLANG_WARN_INFINITE_RECURSION = YES;
				CLANG_WARN_INT_CONVERSION = YES;
				CLANG_WARN_NON_LITERAL_NULL_CONVERSION = YES;
				CLANG_WARN_OBJC_IMPLICIT_RETAIN_SELF = YES;
				CLANG_WARN_OBJC_LITERAL_CONVERSION = YES;
				CLANG_WARN_OBJC_ROOT_CLASS = YES_ERROR;
				CLANG_WARN_QUOTED_INCLUDE_IN_FRAMEWORK_HEADER = YES;
				CLANG_WARN_RANGE_LOOP_ANALYSIS = YES;
				CLANG_WARN_STRICT_PROTOTYPES = YES;
				CLANG_WARN_SUSPICIOUS_MOVE = YES;
				CLANG_WARN_UNGUARDED_AVAILABILITY = YES_AGGRESSIVE;
				CLANG_WARN_UNREACHABLE_CODE = YES;
				CLANG_WARN__DUPLICATE_METHOD_MATCH = YES;
				COPY_PHASE_STRIP = NO;
				DEBUG_INFORMATION_FORMAT = "dwarf-with-dsym";
				ENABLE_NS_ASSERTIONS = NO;
				ENABLE_STRICT_OBJC_MSGSEND = YES;
				GCC_C_LANGUAGE_STANDARD = gnu11;
				GCC_NO_COMMON_BLOCKS = YES;
				GCC_WARN_64_TO_32_BIT_CONVERSION = YES;
				GCC_WARN_ABOUT_RETURN_TYPE = YES_ERROR;
				GCC_WARN_UNDECLARED_SELECTOR = YES;
				GCC_WARN_UNINITIALIZED_AUTOS = YES_AGGRESSIVE;
				GCC_WARN_UNUSED_FUNCTION = YES;
				GCC_WARN_UNUSED_VARIABLE = YES;
				IPHONEOS_DEPLOYMENT_TARGET = 15.5;
				MTL_ENABLE_DEBUG_INFO = NO;
				MTL_FAST_MATH = YES;
				SDKROOT = iphoneos;
				SWIFT_COMPILATION_MODE = wholemodule;
				SWIFT_OPTIMIZATION_LEVEL = "-O";
				VALIDATE_PRODUCT = YES;
			};
			name = Release;
		};
		6761A51628AFE6D000135C81 /* Debug */ = {
			isa = XCBuildConfiguration;
			buildSettings = {
				ASSETCATALOG_COMPILER_APPICON_NAME = AppIcon;
				ASSETCATALOG_COMPILER_GLOBAL_ACCENT_COLOR_NAME = AccentColor;
				CODE_SIGN_STYLE = Automatic;
				CURRENT_PROJECT_VERSION = 1;
				DEVELOPMENT_TEAM = 924B4U9W24;
				GENERATE_INFOPLIST_FILE = YES;
				INFOPLIST_FILE = CityEvents/Info.plist;
				INFOPLIST_KEY_UIApplicationSupportsIndirectInputEvents = YES;
				INFOPLIST_KEY_UILaunchStoryboardName = LaunchScreen;
				INFOPLIST_KEY_UISupportedInterfaceOrientations_iPad = "UIInterfaceOrientationPortrait UIInterfaceOrientationPortraitUpsideDown UIInterfaceOrientationLandscapeLeft UIInterfaceOrientationLandscapeRight";
				INFOPLIST_KEY_UISupportedInterfaceOrientations_iPhone = "UIInterfaceOrientationPortrait UIInterfaceOrientationLandscapeLeft UIInterfaceOrientationLandscapeRight";
				LD_RUNPATH_SEARCH_PATHS = (
					"$(inherited)",
					"@executable_path/Frameworks",
				);
				MARKETING_VERSION = 1.0;
				PRODUCT_BUNDLE_IDENTIFIER = com.SearchCocktail.CityEvents;
				PRODUCT_NAME = "$(TARGET_NAME)";
				SWIFT_EMIT_LOC_STRINGS = YES;
				SWIFT_VERSION = 5.0;
				TARGETED_DEVICE_FAMILY = "1,2";
			};
			name = Debug;
		};
		6761A51728AFE6D000135C81 /* Release */ = {
			isa = XCBuildConfiguration;
			buildSettings = {
				ASSETCATALOG_COMPILER_APPICON_NAME = AppIcon;
				ASSETCATALOG_COMPILER_GLOBAL_ACCENT_COLOR_NAME = AccentColor;
				CODE_SIGN_STYLE = Automatic;
				CURRENT_PROJECT_VERSION = 1;
				DEVELOPMENT_TEAM = 924B4U9W24;
				GENERATE_INFOPLIST_FILE = YES;
				INFOPLIST_FILE = CityEvents/Info.plist;
				INFOPLIST_KEY_UIApplicationSupportsIndirectInputEvents = YES;
				INFOPLIST_KEY_UILaunchStoryboardName = LaunchScreen;
				INFOPLIST_KEY_UISupportedInterfaceOrientations_iPad = "UIInterfaceOrientationPortrait UIInterfaceOrientationPortraitUpsideDown UIInterfaceOrientationLandscapeLeft UIInterfaceOrientationLandscapeRight";
				INFOPLIST_KEY_UISupportedInterfaceOrientations_iPhone = "UIInterfaceOrientationPortrait UIInterfaceOrientationLandscapeLeft UIInterfaceOrientationLandscapeRight";
				LD_RUNPATH_SEARCH_PATHS = (
					"$(inherited)",
					"@executable_path/Frameworks",
				);
				MARKETING_VERSION = 1.0;
				PRODUCT_BUNDLE_IDENTIFIER = com.SearchCocktail.CityEvents;
				PRODUCT_NAME = "$(TARGET_NAME)";
				SWIFT_EMIT_LOC_STRINGS = YES;
				SWIFT_VERSION = 5.0;
				TARGETED_DEVICE_FAMILY = "1,2";
			};
			name = Release;
		};
/* End XCBuildConfiguration section */

/* Begin XCConfigurationList section */
		6761A4FC28AFE6CF00135C81 /* Build configuration list for PBXProject "CityEvents" */ = {
			isa = XCConfigurationList;
			buildConfigurations = (
				6761A51328AFE6D000135C81 /* Debug */,
				6761A51428AFE6D000135C81 /* Release */,
			);
			defaultConfigurationIsVisible = 0;
			defaultConfigurationName = Release;
		};
		6761A51528AFE6D000135C81 /* Build configuration list for PBXNativeTarget "CityEvents" */ = {
			isa = XCConfigurationList;
			buildConfigurations = (
				6761A51628AFE6D000135C81 /* Debug */,
				6761A51728AFE6D000135C81 /* Release */,
			);
			defaultConfigurationIsVisible = 0;
			defaultConfigurationName = Release;
		};
/* End XCConfigurationList section */
	};
	rootObject = 6761A4F928AFE6CF00135C81 /* Project object */;
}
